
Microsoft Visual Studio Solution File, Format Version 12.00
# Visual Studio Version 17
VisualStudioVersion = 17.7.34031.279
MinimumVisualStudioVersion = 10.0.40219.1
Project("{FAE04EC0-301F-11D3-BF4B-00C04F79EFBC}") = "Laboratorio10", "Laboratorio10.csproj", "{D63BC55D-3FD8-4D4F-A8DB-EE3754B99315}"
EndProject
Global
	GlobalSection(SolutionConfigurationPlatforms) = preSolution
		Debug|Any CPU = Debug|Any CPU
		Release|Any CPU = Release|Any CPU
	EndGlobalSection
	GlobalSection(ProjectConfigurationPlatforms) = postSolution
		{D63BC55D-3FD8-4D4F-A8DB-EE3754B99315}.Debug|Any CPU.ActiveCfg = Debug|Any CPU
		{D63BC55D-3FD8-4D4F-A8DB-EE3754B99315}.Debug|Any CPU.Build.0 = Debug|Any CPU
		{D63BC55D-3FD8-4D4F-A8DB-EE3754B99315}.Release|Any CPU.ActiveCfg = Release|Any CPU
		{D63BC55D-3FD8-4D4F-A8DB-EE3754B99315}.Release|Any CPU.Build.0 = Release|Any CPU
	EndGlobalSection
	GlobalSection(SolutionProperties) = preSolution
		HideSolutionNode = FALSE
	EndGlobalSection
	GlobalSection(ExtensibilityGlobals) = postSolution
		SolutionGuid = {DA7C91C4-FF3C-4A8C-BAF5-3B885F544CF9}
	EndGlobalSection
EndGlobal
